
Microsoft Visual Studio Solution File, Format Version 12.00
# Visual Studio Version 17
VisualStudioVersion = 17.14.36518.9
MinimumVisualStudioVersion = 10.0.40219.1
Project("{FAE04EC0-301F-11D3-BF4B-00C04F79EFBC}") = "RusMatushkaParser", "src\RusMatushkaParser\RusMatushkaParser.csproj", "{25342A6D-3D48-44F3-9148-C808E7963A19}"
EndProject
Project("{FAE04EC0-301F-11D3-BF4B-00C04F79EFBC}") = "RusMatushkaLexer", "src\RusMatushkaLexer\RusMatushkaLexer.csproj", "{4EC23F72-76E1-8E4E-C69B-8448FA5DC1E1}"
EndProject
Project("{FAE04EC0-301F-11D3-BF4B-00C04F79EFBC}") = "RusMatushkaParser.UnitTests", "tests\RusMatushkaParser.UnitTests\RusMatushkaParser.UnitTests.csproj", "{8CD0E5EB-09EE-40AC-E458-3C3952E0B45C}"
EndProject
Project("{FAE04EC0-301F-11D3-BF4B-00C04F79EFBC}") = "RusMatushkaLexer.UnitTests", "tests\RusMatushkaLexer.UnitTests\RusMatushkaLexer.UnitTests.csproj", "{C7E55E13-6864-73D8-C683-97632C10D397}"
EndProject
Project("{FAE04EC0-301F-11D3-BF4B-00C04F79EFBC}") = "Execution", "src\Execution\Execution.csproj", "{28B3F572-EF48-FE3E-3CE1-5C601A8BA37E}"
EndProject
Project("{FAE04EC0-301F-11D3-BF4B-00C04F79EFBC}") = "RusMatushkaInterpreter", "src\RusMatushkaInterpreter\RusMatushkaInterpreter.csproj", "{D2C7CA3B-414A-A23B-EFEC-451EE751B884}"
EndProject
Project("{2150E333-8FDC-42A3-9474-1A3956D46DE8}") = "UnitTests", "UnitTests", "{02EA681E-C7D8-13C7-8484-4AC65E1B71E8}"
EndProject
Project("{FAE04EC0-301F-11D3-BF4B-00C04F79EFBC}") = "Interpreter.Specs", "tests\Interpreter.Specs\Interpreter.Specs.csproj", "{EF91469F-E35B-936A-4D3B-475BAA03A641}"
EndProject
Project("{2150E333-8FDC-42A3-9474-1A3956D46DE8}") = "Tests", "Tests", "{DD3AAC85-3D3F-4B63-A437-8975A6FA87F7}"
EndProject
Project("{FAE04EC0-301F-11D3-BF4B-00C04F79EFBC}") = "Ast", "src\Ast\Ast.csproj", "{8B0745C0-7940-4DD5-83CE-471A09B8A64F}"
EndProject
Global
	GlobalSection(SolutionConfigurationPlatforms) = preSolution
		Debug|Any CPU = Debug|Any CPU
		Debug|x64 = Debug|x64
		Debug|x86 = Debug|x86
		Release|Any CPU = Release|Any CPU
		Release|x64 = Release|x64
		Release|x86 = Release|x86
	EndGlobalSection
	GlobalSection(ProjectConfigurationPlatforms) = postSolution
		{25342A6D-3D48-44F3-9148-C808E7963A19}.Debug|Any CPU.ActiveCfg = Debug|Any CPU
		{25342A6D-3D48-44F3-9148-C808E7963A19}.Debug|Any CPU.Build.0 = Debug|Any CPU
		{25342A6D-3D48-44F3-9148-C808E7963A19}.Debug|x64.ActiveCfg = Debug|Any CPU
		{25342A6D-3D48-44F3-9148-C808E7963A19}.Debug|x64.Build.0 = Debug|Any CPU
		{25342A6D-3D48-44F3-9148-C808E7963A19}.Debug|x86.ActiveCfg = Debug|Any CPU
		{25342A6D-3D48-44F3-9148-C808E7963A19}.Debug|x86.Build.0 = Debug|Any CPU
		{25342A6D-3D48-44F3-9148-C808E7963A19}.Release|Any CPU.ActiveCfg = Release|Any CPU
		{25342A6D-3D48-44F3-9148-C808E7963A19}.Release|Any CPU.Build.0 = Release|Any CPU
		{25342A6D-3D48-44F3-9148-C808E7963A19}.Release|x64.ActiveCfg = Release|Any CPU
		{25342A6D-3D48-44F3-9148-C808E7963A19}.Release|x64.Build.0 = Release|Any CPU
		{25342A6D-3D48-44F3-9148-C808E7963A19}.Release|x86.ActiveCfg = Release|Any CPU
		{25342A6D-3D48-44F3-9148-C808E7963A19}.Release|x86.Build.0 = Release|Any CPU
		{4EC23F72-76E1-8E4E-C69B-8448FA5DC1E1}.Debug|Any CPU.ActiveCfg = Debug|Any CPU
		{4EC23F72-76E1-8E4E-C69B-8448FA5DC1E1}.Debug|Any CPU.Build.0 = Debug|Any CPU
		{4EC23F72-76E1-8E4E-C69B-8448FA5DC1E1}.Debug|x64.ActiveCfg = Debug|Any CPU
		{4EC23F72-76E1-8E4E-C69B-8448FA5DC1E1}.Debug|x64.Build.0 = Debug|Any CPU
		{4EC23F72-76E1-8E4E-C69B-8448FA5DC1E1}.Debug|x86.ActiveCfg = Debug|Any CPU
		{4EC23F72-76E1-8E4E-C69B-8448FA5DC1E1}.Debug|x86.Build.0 = Debug|Any CPU
		{4EC23F72-76E1-8E4E-C69B-8448FA5DC1E1}.Release|Any CPU.ActiveCfg = Release|Any CPU
		{4EC23F72-76E1-8E4E-C69B-8448FA5DC1E1}.Release|Any CPU.Build.0 = Release|Any CPU
		{4EC23F72-76E1-8E4E-C69B-8448FA5DC1E1}.Release|x64.ActiveCfg = Release|Any CPU
		{4EC23F72-76E1-8E4E-C69B-8448FA5DC1E1}.Release|x64.Build.0 = Release|Any CPU
		{4EC23F72-76E1-8E4E-C69B-8448FA5DC1E1}.Release|x86.ActiveCfg = Release|Any CPU
		{4EC23F72-76E1-8E4E-C69B-8448FA5DC1E1}.Release|x86.Build.0 = Release|Any CPU
		{8CD0E5EB-09EE-40AC-E458-3C3952E0B45C}.Debug|Any CPU.ActiveCfg = Debug|Any CPU
		{8CD0E5EB-09EE-40AC-E458-3C3952E0B45C}.Debug|Any CPU.Build.0 = Debug|Any CPU
		{8CD0E5EB-09EE-40AC-E458-3C3952E0B45C}.Debug|x64.ActiveCfg = Debug|Any CPU
		{8CD0E5EB-09EE-40AC-E458-3C3952E0B45C}.Debug|x64.Build.0 = Debug|Any CPU
		{8CD0E5EB-09EE-40AC-E458-3C3952E0B45C}.Debug|x86.ActiveCfg = Debug|Any CPU
		{8CD0E5EB-09EE-40AC-E458-3C3952E0B45C}.Debug|x86.Build.0 = Debug|Any CPU
		{8CD0E5EB-09EE-40AC-E458-3C3952E0B45C}.Release|Any CPU.ActiveCfg = Release|Any CPU
		{8CD0E5EB-09EE-40AC-E458-3C3952E0B45C}.Release|Any CPU.Build.0 = Release|Any CPU
		{8CD0E5EB-09EE-40AC-E458-3C3952E0B45C}.Release|x64.ActiveCfg = Release|Any CPU
		{8CD0E5EB-09EE-40AC-E458-3C3952E0B45C}.Release|x64.Build.0 = Release|Any CPU
		{8CD0E5EB-09EE-40AC-E458-3C3952E0B45C}.Release|x86.ActiveCfg = Release|Any CPU
		{8CD0E5EB-09EE-40AC-E458-3C3952E0B45C}.Release|x86.Build.0 = Release|Any CPU
		{C7E55E13-6864-73D8-C683-97632C10D397}.Debug|Any CPU.ActiveCfg = Debug|Any CPU
		{C7E55E13-6864-73D8-C683-97632C10D397}.Debug|Any CPU.Build.0 = Debug|Any CPU
		{C7E55E13-6864-73D8-C683-97632C10D397}.Debug|x64.ActiveCfg = Debug|Any CPU
		{C7E55E13-6864-73D8-C683-97632C10D397}.Debug|x64.Build.0 = Debug|Any CPU
		{C7E55E13-6864-73D8-C683-97632C10D397}.Debug|x86.ActiveCfg = Debug|Any CPU
		{C7E55E13-6864-73D8-C683-97632C10D397}.Debug|x86.Build.0 = Debug|Any CPU
		{C7E55E13-6864-73D8-C683-97632C10D397}.Release|Any CPU.ActiveCfg = Release|Any CPU
		{C7E55E13-6864-73D8-C683-97632C10D397}.Release|Any CPU.Build.0 = Release|Any CPU
		{C7E55E13-6864-73D8-C683-97632C10D397}.Release|x64.ActiveCfg = Release|Any CPU
		{C7E55E13-6864-73D8-C683-97632C10D397}.Release|x64.Build.0 = Release|Any CPU
		{C7E55E13-6864-73D8-C683-97632C10D397}.Release|x86.ActiveCfg = Release|Any CPU
		{C7E55E13-6864-73D8-C683-97632C10D397}.Release|x86.Build.0 = Release|Any CPU
		{28B3F572-EF48-FE3E-3CE1-5C601A8BA37E}.Debug|Any CPU.ActiveCfg = Debug|Any CPU
		{28B3F572-EF48-FE3E-3CE1-5C601A8BA37E}.Debug|Any CPU.Build.0 = Debug|Any CPU
		{28B3F572-EF48-FE3E-3CE1-5C601A8BA37E}.Debug|x64.ActiveCfg = Debug|Any CPU
		{28B3F572-EF48-FE3E-3CE1-5C601A8BA37E}.Debug|x64.Build.0 = Debug|Any CPU
		{28B3F572-EF48-FE3E-3CE1-5C601A8BA37E}.Debug|x86.ActiveCfg = Debug|Any CPU
		{28B3F572-EF48-FE3E-3CE1-5C601A8BA37E}.Debug|x86.Build.0 = Debug|Any CPU
		{28B3F572-EF48-FE3E-3CE1-5C601A8BA37E}.Release|Any CPU.ActiveCfg = Release|Any CPU
		{28B3F572-EF48-FE3E-3CE1-5C601A8BA37E}.Release|Any CPU.Build.0 = Release|Any CPU
		{28B3F572-EF48-FE3E-3CE1-5C601A8BA37E}.Release|x64.ActiveCfg = Release|Any CPU
		{28B3F572-EF48-FE3E-3CE1-5C601A8BA37E}.Release|x64.Build.0 = Release|Any CPU
		{28B3F572-EF48-FE3E-3CE1-5C601A8BA37E}.Release|x86.ActiveCfg = Release|Any CPU
		{28B3F572-EF48-FE3E-3CE1-5C601A8BA37E}.Release|x86.Build.0 = Release|Any CPU
		{D2C7CA3B-414A-A23B-EFEC-451EE751B884}.Debug|Any CPU.ActiveCfg = Debug|Any CPU
		{D2C7CA3B-414A-A23B-EFEC-451EE751B884}.Debug|Any CPU.Build.0 = Debug|Any CPU
		{D2C7CA3B-414A-A23B-EFEC-451EE751B884}.Debug|x64.ActiveCfg = Debug|Any CPU
		{D2C7CA3B-414A-A23B-EFEC-451EE751B884}.Debug|x64.Build.0 = Debug|Any CPU
		{D2C7CA3B-414A-A23B-EFEC-451EE751B884}.Debug|x86.ActiveCfg = Debug|Any CPU
		{D2C7CA3B-414A-A23B-EFEC-451EE751B884}.Debug|x86.Build.0 = Debug|Any CPU
		{D2C7CA3B-414A-A23B-EFEC-451EE751B884}.Release|Any CPU.ActiveCfg = Release|Any CPU
		{D2C7CA3B-414A-A23B-EFEC-451EE751B884}.Release|Any CPU.Build.0 = Release|Any CPU
		{D2C7CA3B-414A-A23B-EFEC-451EE751B884}.Release|x64.ActiveCfg = Release|Any CPU
		{D2C7CA3B-414A-A23B-EFEC-451EE751B884}.Release|x64.Build.0 = Release|Any CPU
		{D2C7CA3B-414A-A23B-EFEC-451EE751B884}.Release|x86.ActiveCfg = Release|Any CPU
		{D2C7CA3B-414A-A23B-EFEC-451EE751B884}.Release|x86.Build.0 = Release|Any CPU
		{EF91469F-E35B-936A-4D3B-475BAA03A641}.Debug|Any CPU.ActiveCfg = Debug|Any CPU
		{EF91469F-E35B-936A-4D3B-475BAA03A641}.Debug|Any CPU.Build.0 = Debug|Any CPU
		{EF91469F-E35B-936A-4D3B-475BAA03A641}.Debug|x64.ActiveCfg = Debug|Any CPU
		{EF91469F-E35B-936A-4D3B-475BAA03A641}.Debug|x64.Build.0 = Debug|Any CPU
		{EF91469F-E35B-936A-4D3B-475BAA03A641}.Debug|x86.ActiveCfg = Debug|Any CPU
		{EF91469F-E35B-936A-4D3B-475BAA03A641}.Debug|x86.Build.0 = Debug|Any CPU
		{EF91469F-E35B-936A-4D3B-475BAA03A641}.Release|Any CPU.ActiveCfg = Release|Any CPU
		{EF91469F-E35B-936A-4D3B-475BAA03A641}.Release|Any CPU.Build.0 = Release|Any CPU
		{EF91469F-E35B-936A-4D3B-475BAA03A641}.Release|x64.ActiveCfg = Release|Any CPU
		{EF91469F-E35B-936A-4D3B-475BAA03A641}.Release|x64.Build.0 = Release|Any CPU
		{EF91469F-E35B-936A-4D3B-475BAA03A641}.Release|x86.ActiveCfg = Release|Any CPU
		{EF91469F-E35B-936A-4D3B-475BAA03A641}.Release|x86.Build.0 = Release|Any CPU
		{8B0745C0-7940-4DD5-83CE-471A09B8A64F}.Debug|Any CPU.ActiveCfg = Debug|Any CPU
		{8B0745C0-7940-4DD5-83CE-471A09B8A64F}.Debug|Any CPU.Build.0 = Debug|Any CPU
		{8B0745C0-7940-4DD5-83CE-471A09B8A64F}.Debug|x64.ActiveCfg = Debug|Any CPU
		{8B0745C0-7940-4DD5-83CE-471A09B8A64F}.Debug|x64.Build.0 = Debug|Any CPU
		{8B0745C0-7940-4DD5-83CE-471A09B8A64F}.Debug|x86.ActiveCfg = Debug|Any CPU
		{8B0745C0-7940-4DD5-83CE-471A09B8A64F}.Debug|x86.Build.0 = Debug|Any CPU
		{8B0745C0-7940-4DD5-83CE-471A09B8A64F}.Release|Any CPU.ActiveCfg = Release|Any CPU
		{8B0745C0-7940-4DD5-83CE-471A09B8A64F}.Release|Any CPU.Build.0 = Release|Any CPU
		{8B0745C0-7940-4DD5-83CE-471A09B8A64F}.Release|x64.ActiveCfg = Release|Any CPU
		{8B0745C0-7940-4DD5-83CE-471A09B8A64F}.Release|x64.Build.0 = Release|Any CPU
		{8B0745C0-7940-4DD5-83CE-471A09B8A64F}.Release|x86.ActiveCfg = Release|Any CPU
		{8B0745C0-7940-4DD5-83CE-471A09B8A64F}.Release|x86.Build.0 = Release|Any CPU
	EndGlobalSection
	GlobalSection(SolutionProperties) = preSolution
		HideSolutionNode = FALSE
	EndGlobalSection
	GlobalSection(NestedProjects) = preSolution
		{8CD0E5EB-09EE-40AC-E458-3C3952E0B45C} = {02EA681E-C7D8-13C7-8484-4AC65E1B71E8}
		{C7E55E13-6864-73D8-C683-97632C10D397} = {02EA681E-C7D8-13C7-8484-4AC65E1B71E8}
		{02EA681E-C7D8-13C7-8484-4AC65E1B71E8} = {DD3AAC85-3D3F-4B63-A437-8975A6FA87F7}
		{EF91469F-E35B-936A-4D3B-475BAA03A641} = {DD3AAC85-3D3F-4B63-A437-8975A6FA87F7}
	EndGlobalSection
	GlobalSection(ExtensibilityGlobals) = postSolution
		SolutionGuid = {0E3B5E6F-CE87-4413-A7B9-E58DED61624D}
	EndGlobalSection
EndGlobal
